
Microsoft Visual Studio Solution File, Format Version 12.00
Project("{FAE04EC0-301F-11D3-BF4B-00C04F79EFBC}") = "LLMIRAI.NET", "LLMIRAI.NET\LLMIRAI.NET.csproj", "{BB9E2BB5-225B-4AB2-BB50-EBC2ECAD8A6A}"
EndProject
Global
	GlobalSection(SolutionConfigurationPlatforms) = preSolution
		Debug|Any CPU = Debug|Any CPU
		Release|Any CPU = Release|Any CPU
	EndGlobalSection
	GlobalSection(ProjectConfigurationPlatforms) = postSolution
		{BB9E2BB5-225B-4AB2-BB50-EBC2ECAD8A6A}.Debug|Any CPU.ActiveCfg = Debug|Any CPU
		{BB9E2BB5-225B-4AB2-BB50-EBC2ECAD8A6A}.Debug|Any CPU.Build.0 = Debug|Any CPU
		{BB9E2BB5-225B-4AB2-BB50-EBC2ECAD8A6A}.Release|Any CPU.ActiveCfg = Release|Any CPU
		{BB9E2BB5-225B-4AB2-BB50-EBC2ECAD8A6A}.Release|Any CPU.Build.0 = Release|Any CPU
	EndGlobalSection
EndGlobal
